
Microsoft Visual Studio Solution File, Format Version 12.00
# Visual Studio Version 17
VisualStudioVersion = 17.5.33414.496
MinimumVisualStudioVersion = 10.0.40219.1
Project("{8BC9CEB8-8B4A-11D0-8D11-00A0C91BC942}") = "ioFile", "ioFile\ioFile.vcxproj", "{2B84B97A-8680-4D59-AED4-9230ACE62869}"
EndProject
Project("{8BC9CEB8-8B4A-11D0-8D11-00A0C91BC942}") = "ioFileWithPath", "ioFileWithPath\ioFileWithPath.vcxproj", "{878595B7-2440-4D02-B414-BF51CDFEAA5B}"
EndProject
Project("{8BC9CEB8-8B4A-11D0-8D11-00A0C91BC942}") = "ManualException", "ManualException\ManualException.vcxproj", "{5448FA9C-4B56-4102-828A-643D4B423DBA}"
EndProject
Global
	GlobalSection(SolutionConfigurationPlatforms) = preSolution
		Debug|x64 = Debug|x64
		Debug|x86 = Debug|x86
		Release|x64 = Release|x64
		Release|x86 = Release|x86
	EndGlobalSection
	GlobalSection(ProjectConfigurationPlatforms) = postSolution
		{2B84B97A-8680-4D59-AED4-9230ACE62869}.Debug|x64.ActiveCfg = Debug|x64
		{2B84B97A-8680-4D59-AED4-9230ACE62869}.Debug|x64.Build.0 = Debug|x64
		{2B84B97A-8680-4D59-AED4-9230ACE62869}.Debug|x86.ActiveCfg = Debug|Win32
		{2B84B97A-8680-4D59-AED4-9230ACE62869}.Debug|x86.Build.0 = Debug|Win32
		{2B84B97A-8680-4D59-AED4-9230ACE62869}.Release|x64.ActiveCfg = Release|x64
		{2B84B97A-8680-4D59-AED4-9230ACE62869}.Release|x64.Build.0 = Release|x64
		{2B84B97A-8680-4D59-AED4-9230ACE62869}.Release|x86.ActiveCfg = Release|Win32
		{2B84B97A-8680-4D59-AED4-9230ACE62869}.Release|x86.Build.0 = Release|Win32
		{878595B7-2440-4D02-B414-BF51CDFEAA5B}.Debug|x64.ActiveCfg = Debug|x64
		{878595B7-2440-4D02-B414-BF51CDFEAA5B}.Debug|x64.Build.0 = Debug|x64
		{878595B7-2440-4D02-B414-BF51CDFEAA5B}.Debug|x86.ActiveCfg = Debug|Win32
		{878595B7-2440-4D02-B414-BF51CDFEAA5B}.Debug|x86.Build.0 = Debug|Win32
		{878595B7-2440-4D02-B414-BF51CDFEAA5B}.Release|x64.ActiveCfg = Release|x64
		{878595B7-2440-4D02-B414-BF51CDFEAA5B}.Release|x64.Build.0 = Release|x64
		{878595B7-2440-4D02-B414-BF51CDFEAA5B}.Release|x86.ActiveCfg = Release|Win32
		{878595B7-2440-4D02-B414-BF51CDFEAA5B}.Release|x86.Build.0 = Release|Win32
		{5448FA9C-4B56-4102-828A-643D4B423DBA}.Debug|x64.ActiveCfg = Debug|x64
		{5448FA9C-4B56-4102-828A-643D4B423DBA}.Debug|x64.Build.0 = Debug|x64
		{5448FA9C-4B56-4102-828A-643D4B423DBA}.Debug|x86.ActiveCfg = Debug|Win32
		{5448FA9C-4B56-4102-828A-643D4B423DBA}.Debug|x86.Build.0 = Debug|Win32
		{5448FA9C-4B56-4102-828A-643D4B423DBA}.Release|x64.ActiveCfg = Release|x64
		{5448FA9C-4B56-4102-828A-643D4B423DBA}.Release|x64.Build.0 = Release|x64
		{5448FA9C-4B56-4102-828A-643D4B423DBA}.Release|x86.ActiveCfg = Release|Win32
		{5448FA9C-4B56-4102-828A-643D4B423DBA}.Release|x86.Build.0 = Release|Win32
	EndGlobalSection
	GlobalSection(SolutionProperties) = preSolution
		HideSolutionNode = FALSE
	EndGlobalSection
	GlobalSection(ExtensibilityGlobals) = postSolution
		SolutionGuid = {7B75EEF8-85A4-437C-9E74-8F32DADA3E19}
	EndGlobalSection
EndGlobal
